{
    "name": "oxmoon.github.io",
    "lockfileVersion": 3,
    "requires": true,
    "packages": {
        "": {
            "dependencies": {
                "bulma-switch": "^2.0.4"
            }
        },
        "node_modules/bulma-switch": {
            "version": "2.0.4",
            "resolved": "https://registry.npmjs.org/bulma-switch/-/bulma-switch-2.0.4.tgz",
            "integrity": "sha512-kMu4H0Pr0VjvfsnT6viRDCgptUq0Rvy7y7PX6q+IHg1xUynsjszPjhAdal5ysAlCG5HNO+5YXxeiu92qYGQolw=="
        }
    }
}
